
Microsoft Visual Studio Solution File, Format Version 12.00
# Visual Studio Version 17
VisualStudioVersion = 17.0.31903.59
MinimumVisualStudioVersion = 10.0.40219.1
Project("{2150E333-8FDC-42A3-9474-1A3956D46DE8}") = "src", "src", "{04A53C0B-CDA4-4DF7-A9CC-F60E6ACB3671}"
EndProject
Project("{FAE04EC0-301F-11D3-BF4B-00C04F79EFBC}") = "VocacionalTest.Domain", "src\VocacionalTest.Domain\VocacionalTest.Domain.csproj", "{EA59E92B-8831-4603-BB88-5D772DC610FE}"
EndProject
Project("{FAE04EC0-301F-11D3-BF4B-00C04F79EFBC}") = "VocacionalTest.Application", "src\VocacionalTest.Application\VocacionalTest.Application.csproj", "{07FBF14A-E2F5-457D-8AC0-857BB7A65F3B}"
EndProject
Project("{FAE04EC0-301F-11D3-BF4B-00C04F79EFBC}") = "VocacionalTest.Infrastructure", "src\VocacionalTest.Infrastructure\VocacionalTest.Infrastructure.csproj", "{8D0D1BF4-7B2A-4EF7-B086-D1ED61B69DA8}"
EndProject
Project("{FAE04EC0-301F-11D3-BF4B-00C04F79EFBC}") = "VocacionalTest.Api", "src\VocacionalTest.Api\VocacionalTest.Api.csproj", "{7D7D3671-4EFE-47D4-B676-5558F2338A90}"
EndProject
Global
	GlobalSection(SolutionConfigurationPlatforms) = preSolution
		Debug|Any CPU = Debug|Any CPU
		Release|Any CPU = Release|Any CPU
	EndGlobalSection
	GlobalSection(SolutionProperties) = preSolution
		HideSolutionNode = FALSE
	EndGlobalSection
	GlobalSection(ProjectConfigurationPlatforms) = postSolution
		{EA59E92B-8831-4603-BB88-5D772DC610FE}.Debug|Any CPU.ActiveCfg = Debug|Any CPU
		{EA59E92B-8831-4603-BB88-5D772DC610FE}.Debug|Any CPU.Build.0 = Debug|Any CPU
		{EA59E92B-8831-4603-BB88-5D772DC610FE}.Release|Any CPU.ActiveCfg = Release|Any CPU
		{EA59E92B-8831-4603-BB88-5D772DC610FE}.Release|Any CPU.Build.0 = Release|Any CPU
		{07FBF14A-E2F5-457D-8AC0-857BB7A65F3B}.Debug|Any CPU.ActiveCfg = Debug|Any CPU
		{07FBF14A-E2F5-457D-8AC0-857BB7A65F3B}.Debug|Any CPU.Build.0 = Debug|Any CPU
		{07FBF14A-E2F5-457D-8AC0-857BB7A65F3B}.Release|Any CPU.ActiveCfg = Release|Any CPU
		{07FBF14A-E2F5-457D-8AC0-857BB7A65F3B}.Release|Any CPU.Build.0 = Release|Any CPU
		{8D0D1BF4-7B2A-4EF7-B086-D1ED61B69DA8}.Debug|Any CPU.ActiveCfg = Debug|Any CPU
		{8D0D1BF4-7B2A-4EF7-B086-D1ED61B69DA8}.Debug|Any CPU.Build.0 = Debug|Any CPU
		{8D0D1BF4-7B2A-4EF7-B086-D1ED61B69DA8}.Release|Any CPU.ActiveCfg = Release|Any CPU
		{8D0D1BF4-7B2A-4EF7-B086-D1ED61B69DA8}.Release|Any CPU.Build.0 = Release|Any CPU
		{7D7D3671-4EFE-47D4-B676-5558F2338A90}.Debug|Any CPU.ActiveCfg = Debug|Any CPU
		{7D7D3671-4EFE-47D4-B676-5558F2338A90}.Debug|Any CPU.Build.0 = Debug|Any CPU
		{7D7D3671-4EFE-47D4-B676-5558F2338A90}.Release|Any CPU.ActiveCfg = Release|Any CPU
		{7D7D3671-4EFE-47D4-B676-5558F2338A90}.Release|Any CPU.Build.0 = Release|Any CPU
	EndGlobalSection
	GlobalSection(NestedProjects) = preSolution
		{EA59E92B-8831-4603-BB88-5D772DC610FE} = {04A53C0B-CDA4-4DF7-A9CC-F60E6ACB3671}
		{07FBF14A-E2F5-457D-8AC0-857BB7A65F3B} = {04A53C0B-CDA4-4DF7-A9CC-F60E6ACB3671}
		{8D0D1BF4-7B2A-4EF7-B086-D1ED61B69DA8} = {04A53C0B-CDA4-4DF7-A9CC-F60E6ACB3671}
		{7D7D3671-4EFE-47D4-B676-5558F2338A90} = {04A53C0B-CDA4-4DF7-A9CC-F60E6ACB3671}
	EndGlobalSection
EndGlobal
